
Microsoft Visual Studio Solution File, Format Version 12.00
# Visual Studio Version 17
VisualStudioVersion = 17.6.33829.357
MinimumVisualStudioVersion = 10.0.40219.1
Project("{9A19103F-16F7-4668-BE54-9A1E7A4F7556}") = "CloudflarePagesStaticFilesComponent", "CloudflarePagesStaticFilesComponent\CloudflarePagesStaticFilesComponent.csproj", "{26D087A6-DCEA-4203-9A46-AD8D1AC07EDE}"
EndProject
Project("{9A19103F-16F7-4668-BE54-9A1E7A4F7556}") = "integration", "integration\integration.csproj", "{EBBDBE2B-8856-4FE4-B4E7-8FDE3DA93B55}"
EndProject
Project("{9A19103F-16F7-4668-BE54-9A1E7A4F7556}") = "UnitTests", "UnitTests\UnitTests.csproj", "{A117D227-3ADA-47C8-9939-77FB68522590}"
EndProject
Project("{FAE04EC0-301F-11D3-BF4B-00C04F79EFBC}") = "Provider", "Provider\Provider.csproj", "{65348550-1763-4A77-8228-EBC54B0BA2BB}"
EndProject
Global
	GlobalSection(SolutionConfigurationPlatforms) = preSolution
		Debug|Any CPU = Debug|Any CPU
		Release|Any CPU = Release|Any CPU
	EndGlobalSection
	GlobalSection(ProjectConfigurationPlatforms) = postSolution
		{26D087A6-DCEA-4203-9A46-AD8D1AC07EDE}.Debug|Any CPU.ActiveCfg = Debug|Any CPU
		{26D087A6-DCEA-4203-9A46-AD8D1AC07EDE}.Debug|Any CPU.Build.0 = Debug|Any CPU
		{26D087A6-DCEA-4203-9A46-AD8D1AC07EDE}.Release|Any CPU.ActiveCfg = Release|Any CPU
		{26D087A6-DCEA-4203-9A46-AD8D1AC07EDE}.Release|Any CPU.Build.0 = Release|Any CPU
		{EBBDBE2B-8856-4FE4-B4E7-8FDE3DA93B55}.Debug|Any CPU.ActiveCfg = Debug|Any CPU
		{EBBDBE2B-8856-4FE4-B4E7-8FDE3DA93B55}.Debug|Any CPU.Build.0 = Debug|Any CPU
		{EBBDBE2B-8856-4FE4-B4E7-8FDE3DA93B55}.Release|Any CPU.ActiveCfg = Release|Any CPU
		{EBBDBE2B-8856-4FE4-B4E7-8FDE3DA93B55}.Release|Any CPU.Build.0 = Release|Any CPU
		{A117D227-3ADA-47C8-9939-77FB68522590}.Debug|Any CPU.ActiveCfg = Debug|Any CPU
		{A117D227-3ADA-47C8-9939-77FB68522590}.Debug|Any CPU.Build.0 = Debug|Any CPU
		{A117D227-3ADA-47C8-9939-77FB68522590}.Release|Any CPU.ActiveCfg = Release|Any CPU
		{A117D227-3ADA-47C8-9939-77FB68522590}.Release|Any CPU.Build.0 = Release|Any CPU
		{65348550-1763-4A77-8228-EBC54B0BA2BB}.Debug|Any CPU.ActiveCfg = Debug|Any CPU
		{65348550-1763-4A77-8228-EBC54B0BA2BB}.Debug|Any CPU.Build.0 = Debug|Any CPU
		{65348550-1763-4A77-8228-EBC54B0BA2BB}.Release|Any CPU.ActiveCfg = Release|Any CPU
		{65348550-1763-4A77-8228-EBC54B0BA2BB}.Release|Any CPU.Build.0 = Release|Any CPU
	EndGlobalSection
	GlobalSection(SolutionProperties) = preSolution
		HideSolutionNode = FALSE
	EndGlobalSection
	GlobalSection(ExtensibilityGlobals) = postSolution
		SolutionGuid = {F93F5A2F-9AC1-4793-91EA-D8DF45D8B045}
	EndGlobalSection
EndGlobal
